
Microsoft Visual Studio Solution File, Format Version 12.00
# Visual Studio Version 16
VisualStudioVersion = 16.0.31727.386
MinimumVisualStudioVersion = 10.0.40219.1
Project("{FAE04EC0-301F-11D3-BF4B-00C04F79EFBC}") = "yonetici[2021]", "yonetici[2021]\yonetici[2021].csproj", "{2B1476FA-0C6B-4619-9BE3-6E310A394778}"
EndProject
Project("{54435603-DBB4-11D2-8724-00A0C9A8B90C}") = "yonetici_setup", "yonetici_setup\yonetici_setup.vdproj", "{BED93EC1-7888-4DA5-9D17-D0428BACDF37}"
EndProject
Global
	GlobalSection(SolutionConfigurationPlatforms) = preSolution
		Debug|Any CPU = Debug|Any CPU
		Release|Any CPU = Release|Any CPU
	EndGlobalSection
	GlobalSection(ProjectConfigurationPlatforms) = postSolution
		{2B1476FA-0C6B-4619-9BE3-6E310A394778}.Debug|Any CPU.ActiveCfg = Debug|Any CPU
		{2B1476FA-0C6B-4619-9BE3-6E310A394778}.Debug|Any CPU.Build.0 = Debug|Any CPU
		{2B1476FA-0C6B-4619-9BE3-6E310A394778}.Release|Any CPU.ActiveCfg = Release|Any CPU
		{2B1476FA-0C6B-4619-9BE3-6E310A394778}.Release|Any CPU.Build.0 = Release|Any CPU
		{BED93EC1-7888-4DA5-9D17-D0428BACDF37}.Debug|Any CPU.ActiveCfg = Debug
		{BED93EC1-7888-4DA5-9D17-D0428BACDF37}.Release|Any CPU.ActiveCfg = Release
	EndGlobalSection
	GlobalSection(SolutionProperties) = preSolution
		HideSolutionNode = FALSE
	EndGlobalSection
	GlobalSection(ExtensibilityGlobals) = postSolution
		SolutionGuid = {BA1774F7-D0A0-4E04-83D8-2B05BAFD5202}
	EndGlobalSection
EndGlobal
